
Microsoft Visual Studio Solution File, Format Version 12.00
# Visual Studio Version 16
VisualStudioVersion = 25.0.1700.0
MinimumVisualStudioVersion = 10.0.40219.1
Project("{FAE04EC0-301F-11D3-BF4B-00C04F79EFBC}") = "RazorPagesMovie", "RazorPagesMovie\RazorPagesMovie.csproj", "{B021C603-C9E9-4304-9414-E371293F971C}"
EndProject
Global
	GlobalSection(SolutionConfigurationPlatforms) = preSolution
		Debug|Any CPU = Debug|Any CPU
		Release|Any CPU = Release|Any CPU
	EndGlobalSection
	GlobalSection(ProjectConfigurationPlatforms) = postSolution
		{B021C603-C9E9-4304-9414-E371293F971C}.Debug|Any CPU.ActiveCfg = Debug|Any CPU
		{B021C603-C9E9-4304-9414-E371293F971C}.Debug|Any CPU.Build.0 = Debug|Any CPU
		{B021C603-C9E9-4304-9414-E371293F971C}.Release|Any CPU.ActiveCfg = Release|Any CPU
		{B021C603-C9E9-4304-9414-E371293F971C}.Release|Any CPU.Build.0 = Release|Any CPU
	EndGlobalSection
	GlobalSection(SolutionProperties) = preSolution
		HideSolutionNode = FALSE
	EndGlobalSection
	GlobalSection(ExtensibilityGlobals) = postSolution
		SolutionGuid = {E7B8064B-D2D7-48BB-8811-E09D41F6039C}
	EndGlobalSection
EndGlobal
